
Microsoft Visual Studio Solution File, Format Version 12.00
# Visual Studio Version 17
VisualStudioVersion = 17.4.33213.308
MinimumVisualStudioVersion = 10.0.40219.1
Project("{FAE04EC0-301F-11D3-BF4B-00C04F79EFBC}") = "Estructura proyecto", "Estructura proyecto\Estructura proyecto.csproj", "{2ECE482C-8A2D-463B-9111-D2F157173395}"
EndProject
Global
	GlobalSection(SolutionConfigurationPlatforms) = preSolution
		Debug|Any CPU = Debug|Any CPU
		Release|Any CPU = Release|Any CPU
	EndGlobalSection
	GlobalSection(ProjectConfigurationPlatforms) = postSolution
		{2ECE482C-8A2D-463B-9111-D2F157173395}.Debug|Any CPU.ActiveCfg = Debug|Any CPU
		{2ECE482C-8A2D-463B-9111-D2F157173395}.Debug|Any CPU.Build.0 = Debug|Any CPU
		{2ECE482C-8A2D-463B-9111-D2F157173395}.Release|Any CPU.ActiveCfg = Release|Any CPU
		{2ECE482C-8A2D-463B-9111-D2F157173395}.Release|Any CPU.Build.0 = Release|Any CPU
	EndGlobalSection
	GlobalSection(SolutionProperties) = preSolution
		HideSolutionNode = FALSE
	EndGlobalSection
	GlobalSection(ExtensibilityGlobals) = postSolution
		SolutionGuid = {EADA88D3-4859-4D85-99FB-862513C9A16E}
	EndGlobalSection
EndGlobal
