
Microsoft Visual Studio Solution File, Format Version 12.00
# Visual Studio Version 17
VisualStudioVersion = 17.3.32929.385
MinimumVisualStudioVersion = 10.0.40219.1
Project("{FAE04EC0-301F-11D3-BF4B-00C04F79EFBC}") = "clase 2", "clase 2\clase 2.csproj", "{53B8C0B3-BC2B-4024-9D52-B3CCB0FC8009}"
EndProject
Global
	GlobalSection(SolutionConfigurationPlatforms) = preSolution
		Debug|Any CPU = Debug|Any CPU
		Release|Any CPU = Release|Any CPU
	EndGlobalSection
	GlobalSection(ProjectConfigurationPlatforms) = postSolution
		{53B8C0B3-BC2B-4024-9D52-B3CCB0FC8009}.Debug|Any CPU.ActiveCfg = Debug|Any CPU
		{53B8C0B3-BC2B-4024-9D52-B3CCB0FC8009}.Debug|Any CPU.Build.0 = Debug|Any CPU
		{53B8C0B3-BC2B-4024-9D52-B3CCB0FC8009}.Release|Any CPU.ActiveCfg = Release|Any CPU
		{53B8C0B3-BC2B-4024-9D52-B3CCB0FC8009}.Release|Any CPU.Build.0 = Release|Any CPU
	EndGlobalSection
	GlobalSection(SolutionProperties) = preSolution
		HideSolutionNode = FALSE
	EndGlobalSection
	GlobalSection(ExtensibilityGlobals) = postSolution
		SolutionGuid = {2B5712EA-0DA9-4031-9A1C-698C1895C0E2}
	EndGlobalSection
EndGlobal
